
Microsoft Visual Studio Solution File, Format Version 12.00
# Visual Studio Version 17
VisualStudioVersion = 17.11.35327.3
MinimumVisualStudioVersion = 10.0.40219.1
Project("{FAE04EC0-301F-11D3-BF4B-00C04F79EFBC}") = "MiPrimerWF", "MiPrimerWF\MiPrimerWF.csproj", "{28084EA8-A79E-4710-8BA0-1F5B469EB3EF}"
EndProject
Global
	GlobalSection(SolutionConfigurationPlatforms) = preSolution
		Debug|Any CPU = Debug|Any CPU
		Release|Any CPU = Release|Any CPU
	EndGlobalSection
	GlobalSection(ProjectConfigurationPlatforms) = postSolution
		{28084EA8-A79E-4710-8BA0-1F5B469EB3EF}.Debug|Any CPU.ActiveCfg = Debug|Any CPU
		{28084EA8-A79E-4710-8BA0-1F5B469EB3EF}.Debug|Any CPU.Build.0 = Debug|Any CPU
		{28084EA8-A79E-4710-8BA0-1F5B469EB3EF}.Release|Any CPU.ActiveCfg = Release|Any CPU
		{28084EA8-A79E-4710-8BA0-1F5B469EB3EF}.Release|Any CPU.Build.0 = Release|Any CPU
	EndGlobalSection
	GlobalSection(SolutionProperties) = preSolution
		HideSolutionNode = FALSE
	EndGlobalSection
	GlobalSection(ExtensibilityGlobals) = postSolution
		SolutionGuid = {FC52C562-4E82-4501-85BF-211C857F01AC}
	EndGlobalSection
EndGlobal
